
Microsoft Visual Studio Solution File, Format Version 12.00
# Visual Studio 15
VisualStudioVersion = 15.0.27004.2009
MinimumVisualStudioVersion = 10.0.40219.1
Project("{FAE04EC0-301F-11D3-BF4B-00C04F79EFBC}") = "SignalRServer.Android", "SignalRServer\SignalRServer.Android\SignalRServer.Android.csproj", "{D2A41393-3239-4BA3-BDB2-4EFF946E0F2A}"
EndProject
Project("{FAE04EC0-301F-11D3-BF4B-00C04F79EFBC}") = "SignalRServer", "SignalRServer\SignalRServer\SignalRServer.csproj", "{9119D6CE-2AAD-46F3-975E-25561371A7B9}"
EndProject
Project("{FAE04EC0-301F-11D3-BF4B-00C04F79EFBC}") = "SignalRServer.UWP", "SignalRServer\SignalRServer.UWP\SignalRServer.UWP.csproj", "{2C72CB9D-D492-4DFB-8DF1-87DC3A02509C}"
EndProject
Project("{FAE04EC0-301F-11D3-BF4B-00C04F79EFBC}") = "SignalRServer.iOS", "SignalRServer\SignalRServer.iOS\SignalRServer.iOS.csproj", "{E0F1B168-59E4-43C5-8BA0-F66A76FC9113}"
EndProject
Project("{FAE04EC0-301F-11D3-BF4B-00C04F79EFBC}") = "Server", "Server\Server.csproj", "{884F1891-89E0-4540-8B58-4FAA863C1AE9}"
EndProject
Project("{FAE04EC0-301F-11D3-BF4B-00C04F79EFBC}") = "RESTChatAPI", "..\..\source\repos\RESTChatAPI\RESTChatAPI\RESTChatAPI.csproj", "{6C556758-A98E-43E0-91B0-97B20F6789DC}"
EndProject
Global
	GlobalSection(SolutionConfigurationPlatforms) = preSolution
		Ad-Hoc|Any CPU = Ad-Hoc|Any CPU
		Ad-Hoc|ARM = Ad-Hoc|ARM
		Ad-Hoc|iPhone = Ad-Hoc|iPhone
		Ad-Hoc|iPhoneSimulator = Ad-Hoc|iPhoneSimulator
		Ad-Hoc|x64 = Ad-Hoc|x64
		Ad-Hoc|x86 = Ad-Hoc|x86
		AppStore|Any CPU = AppStore|Any CPU
		AppStore|ARM = AppStore|ARM
		AppStore|iPhone = AppStore|iPhone
		AppStore|iPhoneSimulator = AppStore|iPhoneSimulator
		AppStore|x64 = AppStore|x64
		AppStore|x86 = AppStore|x86
		Debug|Any CPU = Debug|Any CPU
		Debug|ARM = Debug|ARM
		Debug|iPhone = Debug|iPhone
		Debug|iPhoneSimulator = Debug|iPhoneSimulator
		Debug|x64 = Debug|x64
		Debug|x86 = Debug|x86
		Release|Any CPU = Release|Any CPU
		Release|ARM = Release|ARM
		Release|iPhone = Release|iPhone
		Release|iPhoneSimulator = Release|iPhoneSimulator
		Release|x64 = Release|x64
		Release|x86 = Release|x86
	EndGlobalSection
	GlobalSection(ProjectConfigurationPlatforms) = postSolution
		{D2A41393-3239-4BA3-BDB2-4EFF946E0F2A}.Ad-Hoc|Any CPU.ActiveCfg = Release|Any CPU
		{D2A41393-3239-4BA3-BDB2-4EFF946E0F2A}.Ad-Hoc|Any CPU.Build.0 = Release|Any CPU
		{D2A41393-3239-4BA3-BDB2-4EFF946E0F2A}.Ad-Hoc|Any CPU.Deploy.0 = Release|Any CPU
		{D2A41393-3239-4BA3-BDB2-4EFF946E0F2A}.Ad-Hoc|ARM.ActiveCfg = Release|Any CPU
		{D2A41393-3239-4BA3-BDB2-4EFF946E0F2A}.Ad-Hoc|ARM.Build.0 = Release|Any CPU
		{D2A41393-3239-4BA3-BDB2-4EFF946E0F2A}.Ad-Hoc|ARM.Deploy.0 = Release|Any CPU
		{D2A41393-3239-4BA3-BDB2-4EFF946E0F2A}.Ad-Hoc|iPhone.ActiveCfg = Release|Any CPU
		{D2A41393-3239-4BA3-BDB2-4EFF946E0F2A}.Ad-Hoc|iPhone.Build.0 = Release|Any CPU
		{D2A41393-3239-4BA3-BDB2-4EFF946E0F2A}.Ad-Hoc|iPhone.Deploy.0 = Release|Any CPU
		{D2A41393-3239-4BA3-BDB2-4EFF946E0F2A}.Ad-Hoc|iPhoneSimulator.ActiveCfg = Release|Any CPU
		{D2A41393-3239-4BA3-BDB2-4EFF946E0F2A}.Ad-Hoc|iPhoneSimulator.Build.0 = Release|Any CPU
		{D2A41393-3239-4BA3-BDB2-4EFF946E0F2A}.Ad-Hoc|iPhoneSimulator.Deploy.0 = Release|Any CPU
		{D2A41393-3239-4BA3-BDB2-4EFF946E0F2A}.Ad-Hoc|x64.ActiveCfg = Release|Any CPU
		{D2A41393-3239-4BA3-BDB2-4EFF946E0F2A}.Ad-Hoc|x64.Build.0 = Release|Any CPU
		{D2A41393-3239-4BA3-BDB2-4EFF946E0F2A}.Ad-Hoc|x64.Deploy.0 = Release|Any CPU
		{D2A41393-3239-4BA3-BDB2-4EFF946E0F2A}.Ad-Hoc|x86.ActiveCfg = Release|Any CPU
		{D2A41393-3239-4BA3-BDB2-4EFF946E0F2A}.Ad-Hoc|x86.Build.0 = Release|Any CPU
		{D2A41393-3239-4BA3-BDB2-4EFF946E0F2A}.Ad-Hoc|x86.Deploy.0 = Release|Any CPU
		{D2A41393-3239-4BA3-BDB2-4EFF946E0F2A}.AppStore|Any CPU.ActiveCfg = Release|Any CPU
		{D2A41393-3239-4BA3-BDB2-4EFF946E0F2A}.AppStore|Any CPU.Build.0 = Release|Any CPU
		{D2A41393-3239-4BA3-BDB2-4EFF946E0F2A}.AppStore|Any CPU.Deploy.0 = Release|Any CPU
		{D2A41393-3239-4BA3-BDB2-4EFF946E0F2A}.AppStore|ARM.ActiveCfg = Release|Any CPU
		{D2A41393-3239-4BA3-BDB2-4EFF946E0F2A}.AppStore|ARM.Build.0 = Release|Any CPU
		{D2A41393-3239-4BA3-BDB2-4EFF946E0F2A}.AppStore|ARM.Deploy.0 = Release|Any CPU
		{D2A41393-3239-4BA3-BDB2-4EFF946E0F2A}.AppStore|iPhone.ActiveCfg = Release|Any CPU
		{D2A41393-3239-4BA3-BDB2-4EFF946E0F2A}.AppStore|iPhone.Build.0 = Release|Any CPU
		{D2A41393-3239-4BA3-BDB2-4EFF946E0F2A}.AppStore|iPhone.Deploy.0 = Release|Any CPU
		{D2A41393-3239-4BA3-BDB2-4EFF946E0F2A}.AppStore|iPhoneSimulator.ActiveCfg = Release|Any CPU
		{D2A41393-3239-4BA3-BDB2-4EFF946E0F2A}.AppStore|iPhoneSimulator.Build.0 = Release|Any CPU
		{D2A41393-3239-4BA3-BDB2-4EFF946E0F2A}.AppStore|iPhoneSimulator.Deploy.0 = Release|Any CPU
		{D2A41393-3239-4BA3-BDB2-4EFF946E0F2A}.AppStore|x64.ActiveCfg = Release|Any CPU
		{D2A41393-3239-4BA3-BDB2-4EFF946E0F2A}.AppStore|x64.Build.0 = Release|Any CPU
		{D2A41393-3239-4BA3-BDB2-4EFF946E0F2A}.AppStore|x64.Deploy.0 = Release|Any CPU
		{D2A41393-3239-4BA3-BDB2-4EFF946E0F2A}.AppStore|x86.ActiveCfg = Release|Any CPU
		{D2A41393-3239-4BA3-BDB2-4EFF946E0F2A}.AppStore|x86.Build.0 = Release|Any CPU
		{D2A41393-3239-4BA3-BDB2-4EFF946E0F2A}.AppStore|x86.Deploy.0 = Release|Any CPU
		{D2A41393-3239-4BA3-BDB2-4EFF946E0F2A}.Debug|Any CPU.ActiveCfg = Debug|Any CPU
		{D2A41393-3239-4BA3-BDB2-4EFF946E0F2A}.Debug|Any CPU.Build.0 = Debug|Any CPU
		{D2A41393-3239-4BA3-BDB2-4EFF946E0F2A}.Debug|Any CPU.Deploy.0 = Debug|Any CPU
		{D2A41393-3239-4BA3-BDB2-4EFF946E0F2A}.Debug|ARM.ActiveCfg = Debug|Any CPU
		{D2A41393-3239-4BA3-BDB2-4EFF946E0F2A}.Debug|ARM.Build.0 = Debug|Any CPU
		{D2A41393-3239-4BA3-BDB2-4EFF946E0F2A}.Debug|ARM.Deploy.0 = Debug|Any CPU
		{D2A41393-3239-4BA3-BDB2-4EFF946E0F2A}.Debug|iPhone.ActiveCfg = Debug|Any CPU
		{D2A41393-3239-4BA3-BDB2-4EFF946E0F2A}.Debug|iPhone.Build.0 = Debug|Any CPU
		{D2A41393-3239-4BA3-BDB2-4EFF946E0F2A}.Debug|iPhone.Deploy.0 = Debug|Any CPU
		{D2A41393-3239-4BA3-BDB2-4EFF946E0F2A}.Debug|iPhoneSimulator.ActiveCfg = Debug|Any CPU
		{D2A41393-3239-4BA3-BDB2-4EFF946E0F2A}.Debug|iPhoneSimulator.Build.0 = Debug|Any CPU
		{D2A41393-3239-4BA3-BDB2-4EFF946E0F2A}.Debug|iPhoneSimulator.Deploy.0 = Debug|Any CPU
		{D2A41393-3239-4BA3-BDB2-4EFF946E0F2A}.Debug|x64.ActiveCfg = Debug|Any CPU
		{D2A41393-3239-4BA3-BDB2-4EFF946E0F2A}.Debug|x64.Build.0 = Debug|Any CPU
		{D2A41393-3239-4BA3-BDB2-4EFF946E0F2A}.Debug|x64.Deploy.0 = Debug|Any CPU
		{D2A41393-3239-4BA3-BDB2-4EFF946E0F2A}.Debug|x86.ActiveCfg = Debug|Any CPU
		{D2A41393-3239-4BA3-BDB2-4EFF946E0F2A}.Debug|x86.Build.0 = Debug|Any CPU
		{D2A41393-3239-4BA3-BDB2-4EFF946E0F2A}.Debug|x86.Deploy.0 = Debug|Any CPU
		{D2A41393-3239-4BA3-BDB2-4EFF946E0F2A}.Release|Any CPU.ActiveCfg = Release|Any CPU
		{D2A41393-3239-4BA3-BDB2-4EFF946E0F2A}.Release|Any CPU.Build.0 = Release|Any CPU
		{D2A41393-3239-4BA3-BDB2-4EFF946E0F2A}.Release|Any CPU.Deploy.0 = Release|Any CPU
		{D2A41393-3239-4BA3-BDB2-4EFF946E0F2A}.Release|ARM.ActiveCfg = Release|Any CPU
		{D2A41393-3239-4BA3-BDB2-4EFF946E0F2A}.Release|ARM.Build.0 = Release|Any CPU
		{D2A41393-3239-4BA3-BDB2-4EFF946E0F2A}.Release|ARM.Deploy.0 = Release|Any CPU
		{D2A41393-3239-4BA3-BDB2-4EFF946E0F2A}.Release|iPhone.ActiveCfg = Release|Any CPU
		{D2A41393-3239-4BA3-BDB2-4EFF946E0F2A}.Release|iPhone.Build.0 = Release|Any CPU
		{D2A41393-3239-4BA3-BDB2-4EFF946E0F2A}.Release|iPhone.Deploy.0 = Release|Any CPU
		{D2A41393-3239-4BA3-BDB2-4EFF946E0F2A}.Release|iPhoneSimulator.ActiveCfg = Release|Any CPU
		{D2A41393-3239-4BA3-BDB2-4EFF946E0F2A}.Release|iPhoneSimulator.Build.0 = Release|Any CPU
		{D2A41393-3239-4BA3-BDB2-4EFF946E0F2A}.Release|iPhoneSimulator.Deploy.0 = Release|Any CPU
		{D2A41393-3239-4BA3-BDB2-4EFF946E0F2A}.Release|x64.ActiveCfg = Release|Any CPU
		{D2A41393-3239-4BA3-BDB2-4EFF946E0F2A}.Release|x64.Build.0 = Release|Any CPU
		{D2A41393-3239-4BA3-BDB2-4EFF946E0F2A}.Release|x64.Deploy.0 = Release|Any CPU
		{D2A41393-3239-4BA3-BDB2-4EFF946E0F2A}.Release|x86.ActiveCfg = Release|Any CPU
		{D2A41393-3239-4BA3-BDB2-4EFF946E0F2A}.Release|x86.Build.0 = Release|Any CPU
		{D2A41393-3239-4BA3-BDB2-4EFF946E0F2A}.Release|x86.Deploy.0 = Release|Any CPU
		{9119D6CE-2AAD-46F3-975E-25561371A7B9}.Ad-Hoc|Any CPU.ActiveCfg = Release|Any CPU
		{9119D6CE-2AAD-46F3-975E-25561371A7B9}.Ad-Hoc|Any CPU.Build.0 = Release|Any CPU
		{9119D6CE-2AAD-46F3-975E-25561371A7B9}.Ad-Hoc|ARM.ActiveCfg = Release|Any CPU
		{9119D6CE-2AAD-46F3-975E-25561371A7B9}.Ad-Hoc|ARM.Build.0 = Release|Any CPU
		{9119D6CE-2AAD-46F3-975E-25561371A7B9}.Ad-Hoc|iPhone.ActiveCfg = Release|Any CPU
		{9119D6CE-2AAD-46F3-975E-25561371A7B9}.Ad-Hoc|iPhone.Build.0 = Release|Any CPU
		{9119D6CE-2AAD-46F3-975E-25561371A7B9}.Ad-Hoc|iPhoneSimulator.ActiveCfg = Release|Any CPU
		{9119D6CE-2AAD-46F3-975E-25561371A7B9}.Ad-Hoc|iPhoneSimulator.Build.0 = Release|Any CPU
		{9119D6CE-2AAD-46F3-975E-25561371A7B9}.Ad-Hoc|x64.ActiveCfg = Release|Any CPU
		{9119D6CE-2AAD-46F3-975E-25561371A7B9}.Ad-Hoc|x64.Build.0 = Release|Any CPU
		{9119D6CE-2AAD-46F3-975E-25561371A7B9}.Ad-Hoc|x86.ActiveCfg = Release|Any CPU
		{9119D6CE-2AAD-46F3-975E-25561371A7B9}.Ad-Hoc|x86.Build.0 = Release|Any CPU
		{9119D6CE-2AAD-46F3-975E-25561371A7B9}.AppStore|Any CPU.ActiveCfg = Release|Any CPU
		{9119D6CE-2AAD-46F3-975E-25561371A7B9}.AppStore|Any CPU.Build.0 = Release|Any CPU
		{9119D6CE-2AAD-46F3-975E-25561371A7B9}.AppStore|ARM.ActiveCfg = Release|Any CPU
		{9119D6CE-2AAD-46F3-975E-25561371A7B9}.AppStore|ARM.Build.0 = Release|Any CPU
		{9119D6CE-2AAD-46F3-975E-25561371A7B9}.AppStore|iPhone.ActiveCfg = Release|Any CPU
		{9119D6CE-2AAD-46F3-975E-25561371A7B9}.AppStore|iPhone.Build.0 = Release|Any CPU
		{9119D6CE-2AAD-46F3-975E-25561371A7B9}.AppStore|iPhoneSimulator.ActiveCfg = Release|Any CPU
		{9119D6CE-2AAD-46F3-975E-25561371A7B9}.AppStore|iPhoneSimulator.Build.0 = Release|Any CPU
		{9119D6CE-2AAD-46F3-975E-25561371A7B9}.AppStore|x64.ActiveCfg = Release|Any CPU
		{9119D6CE-2AAD-46F3-975E-25561371A7B9}.AppStore|x64.Build.0 = Release|Any CPU
		{9119D6CE-2AAD-46F3-975E-25561371A7B9}.AppStore|x86.ActiveCfg = Release|Any CPU
		{9119D6CE-2AAD-46F3-975E-25561371A7B9}.AppStore|x86.Build.0 = Release|Any CPU
		{9119D6CE-2AAD-46F3-975E-25561371A7B9}.Debug|Any CPU.ActiveCfg = Debug|Any CPU
		{9119D6CE-2AAD-46F3-975E-25561371A7B9}.Debug|Any CPU.Build.0 = Debug|Any CPU
		{9119D6CE-2AAD-46F3-975E-25561371A7B9}.Debug|ARM.ActiveCfg = Debug|Any CPU
		{9119D6CE-2AAD-46F3-975E-25561371A7B9}.Debug|ARM.Build.0 = Debug|Any CPU
		{9119D6CE-2AAD-46F3-975E-25561371A7B9}.Debug|iPhone.ActiveCfg = Debug|Any CPU
		{9119D6CE-2AAD-46F3-975E-25561371A7B9}.Debug|iPhone.Build.0 = Debug|Any CPU
		{9119D6CE-2AAD-46F3-975E-25561371A7B9}.Debug|iPhoneSimulator.ActiveCfg = Debug|Any CPU
		{9119D6CE-2AAD-46F3-975E-25561371A7B9}.Debug|iPhoneSimulator.Build.0 = Debug|Any CPU
		{9119D6CE-2AAD-46F3-975E-25561371A7B9}.Debug|x64.ActiveCfg = Debug|Any CPU
		{9119D6CE-2AAD-46F3-975E-25561371A7B9}.Debug|x64.Build.0 = Debug|Any CPU
		{9119D6CE-2AAD-46F3-975E-25561371A7B9}.Debug|x86.ActiveCfg = Debug|Any CPU
		{9119D6CE-2AAD-46F3-975E-25561371A7B9}.Debug|x86.Build.0 = Debug|Any CPU
		{9119D6CE-2AAD-46F3-975E-25561371A7B9}.Release|Any CPU.ActiveCfg = Release|Any CPU
		{9119D6CE-2AAD-46F3-975E-25561371A7B9}.Release|Any CPU.Build.0 = Release|Any CPU
		{9119D6CE-2AAD-46F3-975E-25561371A7B9}.Release|ARM.ActiveCfg = Release|Any CPU
		{9119D6CE-2AAD-46F3-975E-25561371A7B9}.Release|ARM.Build.0 = Release|Any CPU
		{9119D6CE-2AAD-46F3-975E-25561371A7B9}.Release|iPhone.ActiveCfg = Release|Any CPU
		{9119D6CE-2AAD-46F3-975E-25561371A7B9}.Release|iPhone.Build.0 = Release|Any CPU
		{9119D6CE-2AAD-46F3-975E-25561371A7B9}.Release|iPhoneSimulator.ActiveCfg = Release|Any CPU
		{9119D6CE-2AAD-46F3-975E-25561371A7B9}.Release|iPhoneSimulator.Build.0 = Release|Any CPU
		{9119D6CE-2AAD-46F3-975E-25561371A7B9}.Release|x64.ActiveCfg = Release|Any CPU
		{9119D6CE-2AAD-46F3-975E-25561371A7B9}.Release|x64.Build.0 = Release|Any CPU
		{9119D6CE-2AAD-46F3-975E-25561371A7B9}.Release|x86.ActiveCfg = Release|Any CPU
		{9119D6CE-2AAD-46F3-975E-25561371A7B9}.Release|x86.Build.0 = Release|Any CPU
		{2C72CB9D-D492-4DFB-8DF1-87DC3A02509C}.Ad-Hoc|Any CPU.ActiveCfg = Release|x86
		{2C72CB9D-D492-4DFB-8DF1-87DC3A02509C}.Ad-Hoc|Any CPU.Build.0 = Release|x86
		{2C72CB9D-D492-4DFB-8DF1-87DC3A02509C}.Ad-Hoc|Any CPU.Deploy.0 = Release|x86
		{2C72CB9D-D492-4DFB-8DF1-87DC3A02509C}.Ad-Hoc|ARM.ActiveCfg = Release|ARM
		{2C72CB9D-D492-4DFB-8DF1-87DC3A02509C}.Ad-Hoc|ARM.Build.0 = Release|ARM
		{2C72CB9D-D492-4DFB-8DF1-87DC3A02509C}.Ad-Hoc|ARM.Deploy.0 = Release|ARM
		{2C72CB9D-D492-4DFB-8DF1-87DC3A02509C}.Ad-Hoc|iPhone.ActiveCfg = Release|x86
		{2C72CB9D-D492-4DFB-8DF1-87DC3A02509C}.Ad-Hoc|iPhone.Build.0 = Release|x86
		{2C72CB9D-D492-4DFB-8DF1-87DC3A02509C}.Ad-Hoc|iPhone.Deploy.0 = Release|x86
		{2C72CB9D-D492-4DFB-8DF1-87DC3A02509C}.Ad-Hoc|iPhoneSimulator.ActiveCfg = Release|x86
		{2C72CB9D-D492-4DFB-8DF1-87DC3A02509C}.Ad-Hoc|iPhoneSimulator.Build.0 = Release|x86
		{2C72CB9D-D492-4DFB-8DF1-87DC3A02509C}.Ad-Hoc|iPhoneSimulator.Deploy.0 = Release|x86
		{2C72CB9D-D492-4DFB-8DF1-87DC3A02509C}.Ad-Hoc|x64.ActiveCfg = Release|x64
		{2C72CB9D-D492-4DFB-8DF1-87DC3A02509C}.Ad-Hoc|x64.Build.0 = Release|x64
		{2C72CB9D-D492-4DFB-8DF1-87DC3A02509C}.Ad-Hoc|x64.Deploy.0 = Release|x64
		{2C72CB9D-D492-4DFB-8DF1-87DC3A02509C}.Ad-Hoc|x86.ActiveCfg = Release|x86
		{2C72CB9D-D492-4DFB-8DF1-87DC3A02509C}.Ad-Hoc|x86.Build.0 = Release|x86
		{2C72CB9D-D492-4DFB-8DF1-87DC3A02509C}.Ad-Hoc|x86.Deploy.0 = Release|x86
		{2C72CB9D-D492-4DFB-8DF1-87DC3A02509C}.AppStore|Any CPU.ActiveCfg = Release|x86
		{2C72CB9D-D492-4DFB-8DF1-87DC3A02509C}.AppStore|Any CPU.Build.0 = Release|x86
		{2C72CB9D-D492-4DFB-8DF1-87DC3A02509C}.AppStore|Any CPU.Deploy.0 = Release|x86
		{2C72CB9D-D492-4DFB-8DF1-87DC3A02509C}.AppStore|ARM.ActiveCfg = Release|ARM
		{2C72CB9D-D492-4DFB-8DF1-87DC3A02509C}.AppStore|ARM.Build.0 = Release|ARM
		{2C72CB9D-D492-4DFB-8DF1-87DC3A02509C}.AppStore|ARM.Deploy.0 = Release|ARM
		{2C72CB9D-D492-4DFB-8DF1-87DC3A02509C}.AppStore|iPhone.ActiveCfg = Release|x86
		{2C72CB9D-D492-4DFB-8DF1-87DC3A02509C}.AppStore|iPhone.Build.0 = Release|x86
		{2C72CB9D-D492-4DFB-8DF1-87DC3A02509C}.AppStore|iPhone.Deploy.0 = Release|x86
		{2C72CB9D-D492-4DFB-8DF1-87DC3A02509C}.AppStore|iPhoneSimulator.ActiveCfg = Release|x86
		{2C72CB9D-D492-4DFB-8DF1-87DC3A02509C}.AppStore|iPhoneSimulator.Build.0 = Release|x86
		{2C72CB9D-D492-4DFB-8DF1-87DC3A02509C}.AppStore|iPhoneSimulator.Deploy.0 = Release|x86
		{2C72CB9D-D492-4DFB-8DF1-87DC3A02509C}.AppStore|x64.ActiveCfg = Release|x64
		{2C72CB9D-D492-4DFB-8DF1-87DC3A02509C}.AppStore|x64.Build.0 = Release|x64
		{2C72CB9D-D492-4DFB-8DF1-87DC3A02509C}.AppStore|x64.Deploy.0 = Release|x64
		{2C72CB9D-D492-4DFB-8DF1-87DC3A02509C}.AppStore|x86.ActiveCfg = Release|x86
		{2C72CB9D-D492-4DFB-8DF1-87DC3A02509C}.AppStore|x86.Build.0 = Release|x86
		{2C72CB9D-D492-4DFB-8DF1-87DC3A02509C}.AppStore|x86.Deploy.0 = Release|x86
		{2C72CB9D-D492-4DFB-8DF1-87DC3A02509C}.Debug|Any CPU.ActiveCfg = Debug|x86
		{2C72CB9D-D492-4DFB-8DF1-87DC3A02509C}.Debug|ARM.ActiveCfg = Debug|ARM
		{2C72CB9D-D492-4DFB-8DF1-87DC3A02509C}.Debug|ARM.Build.0 = Debug|ARM
		{2C72CB9D-D492-4DFB-8DF1-87DC3A02509C}.Debug|ARM.Deploy.0 = Debug|ARM
		{2C72CB9D-D492-4DFB-8DF1-87DC3A02509C}.Debug|iPhone.ActiveCfg = Debug|x86
		{2C72CB9D-D492-4DFB-8DF1-87DC3A02509C}.Debug|iPhoneSimulator.ActiveCfg = Debug|x86
		{2C72CB9D-D492-4DFB-8DF1-87DC3A02509C}.Debug|x64.ActiveCfg = Debug|x64
		{2C72CB9D-D492-4DFB-8DF1-87DC3A02509C}.Debug|x64.Build.0 = Debug|x64
		{2C72CB9D-D492-4DFB-8DF1-87DC3A02509C}.Debug|x64.Deploy.0 = Debug|x64
		{2C72CB9D-D492-4DFB-8DF1-87DC3A02509C}.Debug|x86.ActiveCfg = Debug|x86
		{2C72CB9D-D492-4DFB-8DF1-87DC3A02509C}.Debug|x86.Build.0 = Debug|x86
		{2C72CB9D-D492-4DFB-8DF1-87DC3A02509C}.Debug|x86.Deploy.0 = Debug|x86
		{2C72CB9D-D492-4DFB-8DF1-87DC3A02509C}.Release|Any CPU.ActiveCfg = Release|x86
		{2C72CB9D-D492-4DFB-8DF1-87DC3A02509C}.Release|ARM.ActiveCfg = Release|ARM
		{2C72CB9D-D492-4DFB-8DF1-87DC3A02509C}.Release|ARM.Build.0 = Release|ARM
		{2C72CB9D-D492-4DFB-8DF1-87DC3A02509C}.Release|ARM.Deploy.0 = Release|ARM
		{2C72CB9D-D492-4DFB-8DF1-87DC3A02509C}.Release|iPhone.ActiveCfg = Release|x86
		{2C72CB9D-D492-4DFB-8DF1-87DC3A02509C}.Release|iPhoneSimulator.ActiveCfg = Release|x86
		{2C72CB9D-D492-4DFB-8DF1-87DC3A02509C}.Release|x64.ActiveCfg = Release|x64
		{2C72CB9D-D492-4DFB-8DF1-87DC3A02509C}.Release|x64.Build.0 = Release|x64
		{2C72CB9D-D492-4DFB-8DF1-87DC3A02509C}.Release|x64.Deploy.0 = Release|x64
		{2C72CB9D-D492-4DFB-8DF1-87DC3A02509C}.Release|x86.ActiveCfg = Release|x86
		{2C72CB9D-D492-4DFB-8DF1-87DC3A02509C}.Release|x86.Build.0 = Release|x86
		{2C72CB9D-D492-4DFB-8DF1-87DC3A02509C}.Release|x86.Deploy.0 = Release|x86
		{E0F1B168-59E4-43C5-8BA0-F66A76FC9113}.Ad-Hoc|Any CPU.ActiveCfg = Ad-Hoc|iPhoneSimulator
		{E0F1B168-59E4-43C5-8BA0-F66A76FC9113}.Ad-Hoc|ARM.ActiveCfg = Ad-Hoc|iPhone
		{E0F1B168-59E4-43C5-8BA0-F66A76FC9113}.Ad-Hoc|iPhone.ActiveCfg = Ad-Hoc|iPhone
		{E0F1B168-59E4-43C5-8BA0-F66A76FC9113}.Ad-Hoc|iPhone.Build.0 = Ad-Hoc|iPhone
		{E0F1B168-59E4-43C5-8BA0-F66A76FC9113}.Ad-Hoc|iPhoneSimulator.ActiveCfg = Ad-Hoc|iPhoneSimulator
		{E0F1B168-59E4-43C5-8BA0-F66A76FC9113}.Ad-Hoc|iPhoneSimulator.Build.0 = Ad-Hoc|iPhoneSimulator
		{E0F1B168-59E4-43C5-8BA0-F66A76FC9113}.Ad-Hoc|x64.ActiveCfg = Ad-Hoc|iPhone
		{E0F1B168-59E4-43C5-8BA0-F66A76FC9113}.Ad-Hoc|x86.ActiveCfg = Ad-Hoc|iPhone
		{E0F1B168-59E4-43C5-8BA0-F66A76FC9113}.AppStore|Any CPU.ActiveCfg = AppStore|iPhoneSimulator
		{E0F1B168-59E4-43C5-8BA0-F66A76FC9113}.AppStore|ARM.ActiveCfg = AppStore|iPhone
		{E0F1B168-59E4-43C5-8BA0-F66A76FC9113}.AppStore|iPhone.ActiveCfg = AppStore|iPhone
		{E0F1B168-59E4-43C5-8BA0-F66A76FC9113}.AppStore|iPhone.Build.0 = AppStore|iPhone
		{E0F1B168-59E4-43C5-8BA0-F66A76FC9113}.AppStore|iPhoneSimulator.ActiveCfg = AppStore|iPhoneSimulator
		{E0F1B168-59E4-43C5-8BA0-F66A76FC9113}.AppStore|iPhoneSimulator.Build.0 = AppStore|iPhoneSimulator
		{E0F1B168-59E4-43C5-8BA0-F66A76FC9113}.AppStore|x64.ActiveCfg = AppStore|iPhone
		{E0F1B168-59E4-43C5-8BA0-F66A76FC9113}.AppStore|x86.ActiveCfg = AppStore|iPhone
		{E0F1B168-59E4-43C5-8BA0-F66A76FC9113}.Debug|Any CPU.ActiveCfg = Debug|iPhoneSimulator
		{E0F1B168-59E4-43C5-8BA0-F66A76FC9113}.Debug|ARM.ActiveCfg = Debug|iPhone
		{E0F1B168-59E4-43C5-8BA0-F66A76FC9113}.Debug|iPhone.ActiveCfg = Debug|iPhone
		{E0F1B168-59E4-43C5-8BA0-F66A76FC9113}.Debug|iPhone.Build.0 = Debug|iPhone
		{E0F1B168-59E4-43C5-8BA0-F66A76FC9113}.Debug|iPhoneSimulator.ActiveCfg = Debug|iPhoneSimulator
		{E0F1B168-59E4-43C5-8BA0-F66A76FC9113}.Debug|iPhoneSimulator.Build.0 = Debug|iPhoneSimulator
		{E0F1B168-59E4-43C5-8BA0-F66A76FC9113}.Debug|x64.ActiveCfg = Debug|iPhone
		{E0F1B168-59E4-43C5-8BA0-F66A76FC9113}.Debug|x86.ActiveCfg = Debug|iPhone
		{E0F1B168-59E4-43C5-8BA0-F66A76FC9113}.Release|Any CPU.ActiveCfg = Release|iPhoneSimulator
		{E0F1B168-59E4-43C5-8BA0-F66A76FC9113}.Release|ARM.ActiveCfg = Release|iPhone
		{E0F1B168-59E4-43C5-8BA0-F66A76FC9113}.Release|iPhone.ActiveCfg = Release|iPhone
		{E0F1B168-59E4-43C5-8BA0-F66A76FC9113}.Release|iPhone.Build.0 = Release|iPhone
		{E0F1B168-59E4-43C5-8BA0-F66A76FC9113}.Release|iPhoneSimulator.ActiveCfg = Release|iPhoneSimulator
		{E0F1B168-59E4-43C5-8BA0-F66A76FC9113}.Release|iPhoneSimulator.Build.0 = Release|iPhoneSimulator
		{E0F1B168-59E4-43C5-8BA0-F66A76FC9113}.Release|x64.ActiveCfg = Release|iPhone
		{E0F1B168-59E4-43C5-8BA0-F66A76FC9113}.Release|x86.ActiveCfg = Release|iPhone
		{884F1891-89E0-4540-8B58-4FAA863C1AE9}.Ad-Hoc|Any CPU.ActiveCfg = Release|Any CPU
		{884F1891-89E0-4540-8B58-4FAA863C1AE9}.Ad-Hoc|Any CPU.Build.0 = Release|Any CPU
		{884F1891-89E0-4540-8B58-4FAA863C1AE9}.Ad-Hoc|ARM.ActiveCfg = Release|Any CPU
		{884F1891-89E0-4540-8B58-4FAA863C1AE9}.Ad-Hoc|ARM.Build.0 = Release|Any CPU
		{884F1891-89E0-4540-8B58-4FAA863C1AE9}.Ad-Hoc|iPhone.ActiveCfg = Release|Any CPU
		{884F1891-89E0-4540-8B58-4FAA863C1AE9}.Ad-Hoc|iPhone.Build.0 = Release|Any CPU
		{884F1891-89E0-4540-8B58-4FAA863C1AE9}.Ad-Hoc|iPhoneSimulator.ActiveCfg = Release|Any CPU
		{884F1891-89E0-4540-8B58-4FAA863C1AE9}.Ad-Hoc|iPhoneSimulator.Build.0 = Release|Any CPU
		{884F1891-89E0-4540-8B58-4FAA863C1AE9}.Ad-Hoc|x64.ActiveCfg = Release|Any CPU
		{884F1891-89E0-4540-8B58-4FAA863C1AE9}.Ad-Hoc|x64.Build.0 = Release|Any CPU
		{884F1891-89E0-4540-8B58-4FAA863C1AE9}.Ad-Hoc|x86.ActiveCfg = Release|Any CPU
		{884F1891-89E0-4540-8B58-4FAA863C1AE9}.Ad-Hoc|x86.Build.0 = Release|Any CPU
		{884F1891-89E0-4540-8B58-4FAA863C1AE9}.AppStore|Any CPU.ActiveCfg = Release|Any CPU
		{884F1891-89E0-4540-8B58-4FAA863C1AE9}.AppStore|Any CPU.Build.0 = Release|Any CPU
		{884F1891-89E0-4540-8B58-4FAA863C1AE9}.AppStore|ARM.ActiveCfg = Release|Any CPU
		{884F1891-89E0-4540-8B58-4FAA863C1AE9}.AppStore|ARM.Build.0 = Release|Any CPU
		{884F1891-89E0-4540-8B58-4FAA863C1AE9}.AppStore|iPhone.ActiveCfg = Release|Any CPU
		{884F1891-89E0-4540-8B58-4FAA863C1AE9}.AppStore|iPhone.Build.0 = Release|Any CPU
		{884F1891-89E0-4540-8B58-4FAA863C1AE9}.AppStore|iPhoneSimulator.ActiveCfg = Release|Any CPU
		{884F1891-89E0-4540-8B58-4FAA863C1AE9}.AppStore|iPhoneSimulator.Build.0 = Release|Any CPU
		{884F1891-89E0-4540-8B58-4FAA863C1AE9}.AppStore|x64.ActiveCfg = Release|Any CPU
		{884F1891-89E0-4540-8B58-4FAA863C1AE9}.AppStore|x64.Build.0 = Release|Any CPU
		{884F1891-89E0-4540-8B58-4FAA863C1AE9}.AppStore|x86.ActiveCfg = Release|Any CPU
		{884F1891-89E0-4540-8B58-4FAA863C1AE9}.AppStore|x86.Build.0 = Release|Any CPU
		{884F1891-89E0-4540-8B58-4FAA863C1AE9}.Debug|Any CPU.ActiveCfg = Debug|Any CPU
		{884F1891-89E0-4540-8B58-4FAA863C1AE9}.Debug|Any CPU.Build.0 = Debug|Any CPU
		{884F1891-89E0-4540-8B58-4FAA863C1AE9}.Debug|ARM.ActiveCfg = Debug|Any CPU
		{884F1891-89E0-4540-8B58-4FAA863C1AE9}.Debug|ARM.Build.0 = Debug|Any CPU
		{884F1891-89E0-4540-8B58-4FAA863C1AE9}.Debug|iPhone.ActiveCfg = Debug|Any CPU
		{884F1891-89E0-4540-8B58-4FAA863C1AE9}.Debug|iPhone.Build.0 = Debug|Any CPU
		{884F1891-89E0-4540-8B58-4FAA863C1AE9}.Debug|iPhoneSimulator.ActiveCfg = Debug|Any CPU
		{884F1891-89E0-4540-8B58-4FAA863C1AE9}.Debug|iPhoneSimulator.Build.0 = Debug|Any CPU
		{884F1891-89E0-4540-8B58-4FAA863C1AE9}.Debug|x64.ActiveCfg = Debug|Any CPU
		{884F1891-89E0-4540-8B58-4FAA863C1AE9}.Debug|x64.Build.0 = Debug|Any CPU
		{884F1891-89E0-4540-8B58-4FAA863C1AE9}.Debug|x86.ActiveCfg = Debug|Any CPU
		{884F1891-89E0-4540-8B58-4FAA863C1AE9}.Debug|x86.Build.0 = Debug|Any CPU
		{884F1891-89E0-4540-8B58-4FAA863C1AE9}.Release|Any CPU.ActiveCfg = Release|Any CPU
		{884F1891-89E0-4540-8B58-4FAA863C1AE9}.Release|Any CPU.Build.0 = Release|Any CPU
		{884F1891-89E0-4540-8B58-4FAA863C1AE9}.Release|ARM.ActiveCfg = Release|Any CPU
		{884F1891-89E0-4540-8B58-4FAA863C1AE9}.Release|ARM.Build.0 = Release|Any CPU
		{884F1891-89E0-4540-8B58-4FAA863C1AE9}.Release|iPhone.ActiveCfg = Release|Any CPU
		{884F1891-89E0-4540-8B58-4FAA863C1AE9}.Release|iPhone.Build.0 = Release|Any CPU
		{884F1891-89E0-4540-8B58-4FAA863C1AE9}.Release|iPhoneSimulator.ActiveCfg = Release|Any CPU
		{884F1891-89E0-4540-8B58-4FAA863C1AE9}.Release|iPhoneSimulator.Build.0 = Release|Any CPU
		{884F1891-89E0-4540-8B58-4FAA863C1AE9}.Release|x64.ActiveCfg = Release|Any CPU
		{884F1891-89E0-4540-8B58-4FAA863C1AE9}.Release|x64.Build.0 = Release|Any CPU
		{884F1891-89E0-4540-8B58-4FAA863C1AE9}.Release|x86.ActiveCfg = Release|Any CPU
		{884F1891-89E0-4540-8B58-4FAA863C1AE9}.Release|x86.Build.0 = Release|Any CPU
		{6C556758-A98E-43E0-91B0-97B20F6789DC}.Ad-Hoc|Any CPU.ActiveCfg = Release|Any CPU
		{6C556758-A98E-43E0-91B0-97B20F6789DC}.Ad-Hoc|Any CPU.Build.0 = Release|Any CPU
		{6C556758-A98E-43E0-91B0-97B20F6789DC}.Ad-Hoc|ARM.ActiveCfg = Release|Any CPU
		{6C556758-A98E-43E0-91B0-97B20F6789DC}.Ad-Hoc|ARM.Build.0 = Release|Any CPU
		{6C556758-A98E-43E0-91B0-97B20F6789DC}.Ad-Hoc|iPhone.ActiveCfg = Release|Any CPU
		{6C556758-A98E-43E0-91B0-97B20F6789DC}.Ad-Hoc|iPhone.Build.0 = Release|Any CPU
		{6C556758-A98E-43E0-91B0-97B20F6789DC}.Ad-Hoc|iPhoneSimulator.ActiveCfg = Release|Any CPU
		{6C556758-A98E-43E0-91B0-97B20F6789DC}.Ad-Hoc|iPhoneSimulator.Build.0 = Release|Any CPU
		{6C556758-A98E-43E0-91B0-97B20F6789DC}.Ad-Hoc|x64.ActiveCfg = Release|Any CPU
		{6C556758-A98E-43E0-91B0-97B20F6789DC}.Ad-Hoc|x64.Build.0 = Release|Any CPU
		{6C556758-A98E-43E0-91B0-97B20F6789DC}.Ad-Hoc|x86.ActiveCfg = Release|Any CPU
		{6C556758-A98E-43E0-91B0-97B20F6789DC}.Ad-Hoc|x86.Build.0 = Release|Any CPU
		{6C556758-A98E-43E0-91B0-97B20F6789DC}.AppStore|Any CPU.ActiveCfg = Release|Any CPU
		{6C556758-A98E-43E0-91B0-97B20F6789DC}.AppStore|Any CPU.Build.0 = Release|Any CPU
		{6C556758-A98E-43E0-91B0-97B20F6789DC}.AppStore|ARM.ActiveCfg = Release|Any CPU
		{6C556758-A98E-43E0-91B0-97B20F6789DC}.AppStore|ARM.Build.0 = Release|Any CPU
		{6C556758-A98E-43E0-91B0-97B20F6789DC}.AppStore|iPhone.ActiveCfg = Release|Any CPU
		{6C556758-A98E-43E0-91B0-97B20F6789DC}.AppStore|iPhone.Build.0 = Release|Any CPU
		{6C556758-A98E-43E0-91B0-97B20F6789DC}.AppStore|iPhoneSimulator.ActiveCfg = Release|Any CPU
		{6C556758-A98E-43E0-91B0-97B20F6789DC}.AppStore|iPhoneSimulator.Build.0 = Release|Any CPU
		{6C556758-A98E-43E0-91B0-97B20F6789DC}.AppStore|x64.ActiveCfg = Release|Any CPU
		{6C556758-A98E-43E0-91B0-97B20F6789DC}.AppStore|x64.Build.0 = Release|Any CPU
		{6C556758-A98E-43E0-91B0-97B20F6789DC}.AppStore|x86.ActiveCfg = Release|Any CPU
		{6C556758-A98E-43E0-91B0-97B20F6789DC}.AppStore|x86.Build.0 = Release|Any CPU
		{6C556758-A98E-43E0-91B0-97B20F6789DC}.Debug|Any CPU.ActiveCfg = Debug|Any CPU
		{6C556758-A98E-43E0-91B0-97B20F6789DC}.Debug|Any CPU.Build.0 = Debug|Any CPU
		{6C556758-A98E-43E0-91B0-97B20F6789DC}.Debug|ARM.ActiveCfg = Debug|Any CPU
		{6C556758-A98E-43E0-91B0-97B20F6789DC}.Debug|ARM.Build.0 = Debug|Any CPU
		{6C556758-A98E-43E0-91B0-97B20F6789DC}.Debug|iPhone.ActiveCfg = Debug|Any CPU
		{6C556758-A98E-43E0-91B0-97B20F6789DC}.Debug|iPhone.Build.0 = Debug|Any CPU
		{6C556758-A98E-43E0-91B0-97B20F6789DC}.Debug|iPhoneSimulator.ActiveCfg = Debug|Any CPU
		{6C556758-A98E-43E0-91B0-97B20F6789DC}.Debug|iPhoneSimulator.Build.0 = Debug|Any CPU
		{6C556758-A98E-43E0-91B0-97B20F6789DC}.Debug|x64.ActiveCfg = Debug|Any CPU
		{6C556758-A98E-43E0-91B0-97B20F6789DC}.Debug|x64.Build.0 = Debug|Any CPU
		{6C556758-A98E-43E0-91B0-97B20F6789DC}.Debug|x86.ActiveCfg = Debug|Any CPU
		{6C556758-A98E-43E0-91B0-97B20F6789DC}.Debug|x86.Build.0 = Debug|Any CPU
		{6C556758-A98E-43E0-91B0-97B20F6789DC}.Release|Any CPU.ActiveCfg = Release|Any CPU
		{6C556758-A98E-43E0-91B0-97B20F6789DC}.Release|Any CPU.Build.0 = Release|Any CPU
		{6C556758-A98E-43E0-91B0-97B20F6789DC}.Release|ARM.ActiveCfg = Release|Any CPU
		{6C556758-A98E-43E0-91B0-97B20F6789DC}.Release|ARM.Build.0 = Release|Any CPU
		{6C556758-A98E-43E0-91B0-97B20F6789DC}.Release|iPhone.ActiveCfg = Release|Any CPU
		{6C556758-A98E-43E0-91B0-97B20F6789DC}.Release|iPhone.Build.0 = Release|Any CPU
		{6C556758-A98E-43E0-91B0-97B20F6789DC}.Release|iPhoneSimulator.ActiveCfg = Release|Any CPU
		{6C556758-A98E-43E0-91B0-97B20F6789DC}.Release|iPhoneSimulator.Build.0 = Release|Any CPU
		{6C556758-A98E-43E0-91B0-97B20F6789DC}.Release|x64.ActiveCfg = Release|Any CPU
		{6C556758-A98E-43E0-91B0-97B20F6789DC}.Release|x64.Build.0 = Release|Any CPU
		{6C556758-A98E-43E0-91B0-97B20F6789DC}.Release|x86.ActiveCfg = Release|Any CPU
		{6C556758-A98E-43E0-91B0-97B20F6789DC}.Release|x86.Build.0 = Release|Any CPU
	EndGlobalSection
	GlobalSection(SolutionProperties) = preSolution
		HideSolutionNode = FALSE
	EndGlobalSection
	GlobalSection(ExtensibilityGlobals) = postSolution
		SolutionGuid = {F87CA268-3ABB-422E-9A60-091A0801767A}
	EndGlobalSection
EndGlobal
