
Microsoft Visual Studio Solution File, Format Version 12.00
# Visual Studio 15
VisualStudioVersion = 15.0.27004.2009
MinimumVisualStudioVersion = 10.0.40219.1
Project("{FAE04EC0-301F-11D3-BF4B-00C04F79EFBC}") = "RESTChatAPI", "RESTChatAPI\RESTChatAPI.csproj", "{6C556758-A98E-43E0-91B0-97B20F6789DC}"
EndProject
Global
	GlobalSection(SolutionConfigurationPlatforms) = preSolution
		Debug|Any CPU = Debug|Any CPU
		Release|Any CPU = Release|Any CPU
	EndGlobalSection
	GlobalSection(ProjectConfigurationPlatforms) = postSolution
		{6C556758-A98E-43E0-91B0-97B20F6789DC}.Debug|Any CPU.ActiveCfg = Debug|Any CPU
		{6C556758-A98E-43E0-91B0-97B20F6789DC}.Debug|Any CPU.Build.0 = Debug|Any CPU
		{6C556758-A98E-43E0-91B0-97B20F6789DC}.Release|Any CPU.ActiveCfg = Release|Any CPU
		{6C556758-A98E-43E0-91B0-97B20F6789DC}.Release|Any CPU.Build.0 = Release|Any CPU
	EndGlobalSection
	GlobalSection(SolutionProperties) = preSolution
		HideSolutionNode = FALSE
	EndGlobalSection
	GlobalSection(ExtensibilityGlobals) = postSolution
		SolutionGuid = {F237AA36-F051-428F-9220-231B3EF52239}
	EndGlobalSection
EndGlobal
